
Microsoft Visual Studio Solution File, Format Version 12.00
# Visual Studio Version 17
VisualStudioVersion = 17.13.35825.156 d17.13
MinimumVisualStudioVersion = 10.0.40219.1
Project("{FAE04EC0-301F-11D3-BF4B-00C04F79EFBC}") = "Traffic Simulator", "Traffic Simulator\Traffic Simulator.csproj", "{9FE300F6-C434-449E-A4B4-61B9EB75B6D5}"
EndProject
Global
	GlobalSection(SolutionConfigurationPlatforms) = preSolution
		Debug|Any CPU = Debug|Any CPU
		Release|Any CPU = Release|Any CPU
	EndGlobalSection
	GlobalSection(ProjectConfigurationPlatforms) = postSolution
		{9FE300F6-C434-449E-A4B4-61B9EB75B6D5}.Debug|Any CPU.ActiveCfg = Debug|Any CPU
		{9FE300F6-C434-449E-A4B4-61B9EB75B6D5}.Debug|Any CPU.Build.0 = Debug|Any CPU
		{9FE300F6-C434-449E-A4B4-61B9EB75B6D5}.Release|Any CPU.ActiveCfg = Release|Any CPU
		{9FE300F6-C434-449E-A4B4-61B9EB75B6D5}.Release|Any CPU.Build.0 = Release|Any CPU
	EndGlobalSection
	GlobalSection(SolutionProperties) = preSolution
		HideSolutionNode = FALSE
	EndGlobalSection
	GlobalSection(ExtensibilityGlobals) = postSolution
		SolutionGuid = {01A140BB-9152-40C6-B809-3E1C316072B7}
	EndGlobalSection
EndGlobal
